
Microsoft Visual Studio Solution File, Format Version 12.00
# Visual Studio 15
VisualStudioVersion = 15.0.27703.2047
MinimumVisualStudioVersion = 10.0.40219.1
Project("{FAE04EC0-301F-11D3-BF4B-00C04F79EFBC}") = "Monitor", "Monitor\Monitor.csproj", "{F824AE1C-6E92-4F3F-8BD2-32BAECD428A8}"
EndProject
Project("{FAE04EC0-301F-11D3-BF4B-00C04F79EFBC}") = "DataContract", "DataContract\DataContract.csproj", "{E77282B6-3255-4CE0-8F15-2D29FC8C5A80}"
EndProject
Project("{FAE04EC0-301F-11D3-BF4B-00C04F79EFBC}") = "Sensor", "Sensor\Sensor.csproj", "{8F6B6857-E227-4CD1-947B-E2AA2ADE1410}"
EndProject
Global
	GlobalSection(SolutionConfigurationPlatforms) = preSolution
		Debug|Any CPU = Debug|Any CPU
		Release|Any CPU = Release|Any CPU
	EndGlobalSection
	GlobalSection(ProjectConfigurationPlatforms) = postSolution
		{F824AE1C-6E92-4F3F-8BD2-32BAECD428A8}.Debug|Any CPU.ActiveCfg = Debug|Any CPU
		{F824AE1C-6E92-4F3F-8BD2-32BAECD428A8}.Debug|Any CPU.Build.0 = Debug|Any CPU
		{F824AE1C-6E92-4F3F-8BD2-32BAECD428A8}.Release|Any CPU.ActiveCfg = Release|Any CPU
		{F824AE1C-6E92-4F3F-8BD2-32BAECD428A8}.Release|Any CPU.Build.0 = Release|Any CPU
		{E77282B6-3255-4CE0-8F15-2D29FC8C5A80}.Debug|Any CPU.ActiveCfg = Debug|Any CPU
		{E77282B6-3255-4CE0-8F15-2D29FC8C5A80}.Debug|Any CPU.Build.0 = Debug|Any CPU
		{E77282B6-3255-4CE0-8F15-2D29FC8C5A80}.Release|Any CPU.ActiveCfg = Release|Any CPU
		{E77282B6-3255-4CE0-8F15-2D29FC8C5A80}.Release|Any CPU.Build.0 = Release|Any CPU
		{8F6B6857-E227-4CD1-947B-E2AA2ADE1410}.Debug|Any CPU.ActiveCfg = Debug|Any CPU
		{8F6B6857-E227-4CD1-947B-E2AA2ADE1410}.Debug|Any CPU.Build.0 = Debug|Any CPU
		{8F6B6857-E227-4CD1-947B-E2AA2ADE1410}.Release|Any CPU.ActiveCfg = Release|Any CPU
		{8F6B6857-E227-4CD1-947B-E2AA2ADE1410}.Release|Any CPU.Build.0 = Release|Any CPU
	EndGlobalSection
	GlobalSection(SolutionProperties) = preSolution
		HideSolutionNode = FALSE
	EndGlobalSection
	GlobalSection(ExtensibilityGlobals) = postSolution
		SolutionGuid = {C3CCA7F9-F68A-4D9D-961F-95B87888D440}
	EndGlobalSection
EndGlobal
